
Microsoft Visual Studio Solution File, Format Version 12.00
# Visual Studio 15
VisualStudioVersion = 15.0.27428.1
MinimumVisualStudioVersion = 10.0.40219.1
Project("{FAE04EC0-301F-11D3-BF4B-00C04F79EFBC}") = "PracticeQuestionsSharp", "PracticeQuestionsSharp\PracticeQuestionsSharp.csproj", "{67748BF6-02D7-4BD4-906A-94A7AE430532}"
EndProject
Global
	GlobalSection(SolutionConfigurationPlatforms) = preSolution
		Debug|Any CPU = Debug|Any CPU
		Release|Any CPU = Release|Any CPU
	EndGlobalSection
	GlobalSection(ProjectConfigurationPlatforms) = postSolution
		{67748BF6-02D7-4BD4-906A-94A7AE430532}.Debug|Any CPU.ActiveCfg = Debug|Any CPU
		{67748BF6-02D7-4BD4-906A-94A7AE430532}.Debug|Any CPU.Build.0 = Debug|Any CPU
		{67748BF6-02D7-4BD4-906A-94A7AE430532}.Release|Any CPU.ActiveCfg = Release|Any CPU
		{67748BF6-02D7-4BD4-906A-94A7AE430532}.Release|Any CPU.Build.0 = Release|Any CPU
	EndGlobalSection
	GlobalSection(SolutionProperties) = preSolution
		HideSolutionNode = FALSE
	EndGlobalSection
	GlobalSection(ExtensibilityGlobals) = postSolution
		SolutionGuid = {45B80566-2C3D-4305-9C04-B2271542653E}
	EndGlobalSection
EndGlobal
